<?xml version="1.0" encoding="utf-8"?>
<Project ToolsVersion="4.0" xmlns="http://schemas.microsoft.com/developer/msbuild/2003">
  <ItemGroup>
    <Filter Include="Source">
      <UniqueIdentifier>{74d44bb9-c5c7-4d53-8b52-b6b5c15aa2e7}</UniqueIdentifier>
    </Filter>
    <Filter Include="Source\Engine">
      <UniqueIdentifier>{160d48ad-5465-4d43-9a10-caecc741ca9c}</UniqueIdentifier>
    </Filter>
    <Filter Include="Shaders">
      <UniqueIdentifier>{83849cd1-9ec7-41bb-8b31-ea091187ab80}</UniqueIdentifier>
    </Filter>
    <Filter Include="Source\Engine\Debug">
      <UniqueIdentifier>{a376ad2f-e92b-4a3b-a025-676abe114d73}</UniqueIdentifier>
    </Filter>
  </ItemGroup>
  <ItemGroup>
    <ClCompile Include="Source\Engine\CommonEngine.cpp">
      <Filter>Source\Engine</Filter>
    </ClCompile>
    <ClCompile Include="Source\Engine\Color.cpp">
      <Filter>Source\Engine</Filter>
    </ClCompile>
    <ClCompile Include="Source\Engine\FreeLookCamera.cpp">
      <Filter>Source\Engine</Filter>
    </ClCompile>
    <ClCompile Include="Source\Engine\GameWindow.cpp">
      <Filter>Source\Engine</Filter>
    </ClCompile>
    <ClCompile Include="Source\Engine\HResultHandler.cpp">
      <Filter>Source\Engine</Filter>
    </ClCompile>
    <ClCompile Include="Source\Engine\Inputmanager.cpp">
      <Filter>Source\Engine</Filter>
    </ClCompile>
    <ClCompile Include="Source\Engine\TimeManager.cpp">
      <Filter>Source\Engine</Filter>
    </ClCompile>
    <ClCompile Include="Source\Engine\WICTextureLoader.cpp">
      <Filter>Source\Engine</Filter>
    </ClCompile>
    <ClCompile Include="Source\Engine\World.cpp">
      <Filter>Source\Engine</Filter>
    </ClCompile>
    <ClCompile Include="Source\Engine\Debug\Profiling.cpp">
      <Filter>Source\Engine\Debug</Filter>
    </ClCompile>
    <ClCompile Include="Source\Engine\AssetList.cpp">
      <Filter>Source\Engine</Filter>
    </ClCompile>
    <ClCompile Include="Source\Engine\Math.cpp">
      <Filter>Source\Engine</Filter>
    </ClCompile>
    <ClCompile Include="Source\Engine\Graphics\Drawable.cpp" />
    <ClCompile Include="Source\Engine\Graphics\Graphic.cpp" />
    <ClCompile Include="Source\Game\Scenes\GridScene.cpp" />
    <ClCompile Include="Source\Game\Scenes\TakumiScene.cpp" />
    <ClCompile Include="Source\Engine\Main.cpp" />
    <ClCompile Include="Source\Engine\Resources\MeshResources.cpp" />
    <ClCompile Include="Source\Engine\Resources\ShadersResources.cpp" />
    <ClCompile Include="Source\Engine\Scene.cpp" />
  </ItemGroup>
  <ItemGroup>
    <ClInclude Include="Source\Engine\CommonEngine.h">
      <Filter>Source\Engine</Filter>
    </ClInclude>
    <ClInclude Include="Source\Engine\Color.h">
      <Filter>Source\Engine</Filter>
    </ClInclude>
    <ClInclude Include="Source\Engine\FreeLookCamera.h">
      <Filter>Source\Engine</Filter>
    </ClInclude>
    <ClInclude Include="Source\Engine\GameWindow.h">
      <Filter>Source\Engine</Filter>
    </ClInclude>
    <ClInclude Include="Source\Engine\HResultHandler.h">
      <Filter>Source\Engine</Filter>
    </ClInclude>
    <ClInclude Include="Source\Engine\Inputmanager.h">
      <Filter>Source\Engine</Filter>
    </ClInclude>
    <ClInclude Include="Source\Engine\Math.h">
      <Filter>Source\Engine</Filter>
    </ClInclude>
    <ClInclude Include="Source\Engine\TimeManager.h">
      <Filter>Source\Engine</Filter>
    </ClInclude>
    <ClInclude Include="Source\Engine\WICTextureLoader.h">
      <Filter>Source\Engine</Filter>
    </ClInclude>
    <ClInclude Include="Source\Engine\World.h">
      <Filter>Source\Engine</Filter>
    </ClInclude>
    <ClInclude Include="Source\Engine\Debug\Profiling.h">
      <Filter>Source\Engine\Debug</Filter>
    </ClInclude>
    <ClInclude Include="Source\Engine\AssetList.h">
      <Filter>Source\Engine</Filter>
    </ClInclude>
    <ClInclude Include="Source\Engine\Graphics\Drawable.h" />
    <ClInclude Include="Source\Engine\Graphics\Graphic.h" />
    <ClInclude Include="Source\Engine\IncludesExternal.h" />
    <ClInclude Include="Source\Engine\Resources\GamePath.h" />
    <ClInclude Include="Source\Engine\Resources\MeshResources.h" />
    <ClInclude Include="Source\Engine\Resources\ShadersResources.h" />
    <ClInclude Include="Source\Engine\Scene.h" />
    <ClInclude Include="Source\Game\Scenes\GridScene.h" />
    <ClInclude Include="Source\Game\Scenes\TakumiScene.h" />
  </ItemGroup>
</Project>